// !$*UTF8*$!
{
	archiveVersion = 1;
	classes = {
	};
	objectVersion = 48;
	objects = {

/* Begin PBXBuildFile section */
		79AF2EC0205AFE6B0044E330 /* main.cpp in Sources */ = {isa = PBXBuildFile; fileRef = 79AF2EBF205AFE6B0044E330 /* main.cpp */; };
/* End PBXBuildFile section */

/* Begin PBXCopyFilesBuildPhase section */
		79AF2EBA205AFE6B0044E330 /* CopyFiles */ = {
			isa = PBXCopyFilesBuildPhase;
			buildActionMask = 2147483647;
			dstPath = /usr/share/man/man1/;
			dstSubfolderSpec = 0;
			files = (
			);
			runOnlyForDeploymentPostprocessing = 1;
		};
/* End PBXCopyFilesBuildPhase section */

/* Begin PBXFileReference section */
		79AF2EBC205AFE6B0044E330 /* act herencia */ = {isa = PBXFileReference; explicitFileType = "compiled.mach-o.executable"; includeInIndex = 0; path = "act herencia"; sourceTree = BUILT_PRODUCTS_DIR; };
		79AF2EBF205AFE6B0044E330 /* main.cpp */ = {isa = PBXFileReference; lastKnownFileType = sourcecode.cpp.cpp; path = main.cpp; sourceTree = "<group>"; };
		79AF2EC6205AFEE70044E330 /* Punto.h */ = {isa = PBXFileReference; lastKnownFileType = sourcecode.c.h; path = Punto.h; sourceTree = "<group>"; };
		79AF2EC7205AFF550044E330 /* Figura.h */ = {isa = PBXFileReference; lastKnownFileType = sourcecode.c.h; path = Figura.h; sourceTree = "<group>"; };
		79AF2EC8205AFFC40044E330 /* Circulo.h */ = {isa = PBXFileReference; lastKnownFileType = sourcecode.c.h; path = Circulo.h; sourceTree = "<group>"; };
		79AF2EC9205AFFCC0044E330 /* Rectangulo.h */ = {isa = PBXFileReference; lastKnownFileType = sourcecode.c.h; path = Rectangulo.h; sourceTree = "<group>"; };
/* End PBXFileReference section */

/* Begin PBXFrameworksBuildPhase section */
		79AF2EB9205AFE6B0044E330 /* Frameworks */ = {
			isa = PBXFrameworksBuildPhase;
			buildActionMask = 2147483647;
			files = (
			);
			runOnlyForDeploymentPostprocessing = 0;
		};
/* End PBXFrameworksBuildPhase section */

/* Begin PBXGroup section */
		79AF2EB3205AFE6B0044E330 = {
			isa = PBXGroup;
			children = (
				79AF2EBE205AFE6B0044E330 /* act herencia */,
				79AF2EBD205AFE6B0044E330 /* Products */,
			);
			sourceTree = "<group>";
		};
		79AF2EBD205AFE6B0044E330 /* Products */ = {
			isa = PBXGroup;
			children = (
				79AF2EBC205AFE6B0044E330 /* act herencia */,
			);
			name = Products;
			sourceTree = "<group>";
		};
		79AF2EBE205AFE6B0044E330 /* act herencia */ = {
			isa = PBXGroup;
			children = (
				79AF2EBF205AFE6B0044E330 /* main.cpp */,
				79AF2EC6205AFEE70044E330 /* Punto.h */,
				79AF2EC7205AFF550044E330 /* Figura.h */,
				79AF2EC8205AFFC40044E330 /* Circulo.h */,
				79AF2EC9205AFFCC0044E330 /* Rectangulo.h */,
			);
			path = "act herencia";
			sourceTree = "<group>";
		};
/* End PBXGroup section */

/* Begin PBXNativeTarget section */
		79AF2EBB205AFE6B0044E330 /* act herencia */ = {
			isa = PBXNativeTarget;
			buildConfigurationList = 79AF2EC3205AFE6B0044E330 /* Build configuration list for PBXNativeTarget "act herencia" */;
			buildPhases = (
				79AF2EB8205AFE6B0044E330 /* Sources */,
				79AF2EB9205AFE6B0044E330 /* Frameworks */,
				79AF2EBA205AFE6B0044E330 /* CopyFiles */,
			);
			buildRules = (
			);
			dependencies = (
			);
			name = "act herencia";
			productName = "act herencia";
			productReference = 79AF2EBC205AFE6B0044E330 /* act herencia */;
			productType = "com.apple.product-type.tool";
		};
/* End PBXNativeTarget section */

/* Begin PBXProject section */
		79AF2EB4205AFE6B0044E330 /* Project object */ = {
			isa = PBXProject;
			attributes = {
				LastUpgradeCheck = 0910;
				ORGANIZATIONNAME = "Helena Ruiz";
				TargetAttributes = {
					79AF2EBB205AFE6B0044E330 = {
						CreatedOnToolsVersion = 9.1;
						ProvisioningStyle = Automatic;
					};
				};
			};
			buildConfigurationList = 79AF2EB7205AFE6B0044E330 /* Build configuration list for PBXProject "act herencia" */;
			compatibilityVersion = "Xcode 8.0";
			developmentRegion = en;
			hasScannedForEncodings = 0;
			knownRegions = (
				en,
			);
			mainGroup = 79AF2EB3205AFE6B0044E330;
			productRefGroup = 79AF2EBD205AFE6B0044E330 /* Products */;
			projectDirPath = "";
			projectRoot = "";
			targets = (
				79AF2EBB205AFE6B0044E330 /* act herencia */,
			);
		};
/* End PBXProject section */

/* Begin PBXSourcesBuildPhase section */
		79AF2EB8205AFE6B0044E330 /* Sources */ = {
			isa = PBXSourcesBuildPhase;
			buildActionMask = 2147483647;
			files = (
				79AF2EC0205AFE6B0044E330 /* main.cpp in Sources */,
			);
			runOnlyForDeploymentPostprocessing = 0;
		};
/* End PBXSourcesBuildPhase section */

/* Begin XCBuildConfiguration section */
		79AF2EC1205AFE6B0044E330 /* Debug */ = {
			isa = XCBuildConfiguration;
			buildSettings = {
				ALWAYS_SEARCH_USER_PATHS = NO;
				CLANG_ANALYZER_NONNULL = YES;
				CLANG_ANALYZER_NUMBER_OBJECT_CONVERSION = YES_AGGRESSIVE;
				CLANG_CXX_LANGUAGE_STANDARD = "gnu++14";
				CLANG_CXX_LIBRARY = "libc++";
				CLANG_ENABLE_MODULES = YES;
				CLANG_ENABLE_OBJC_ARC = YES;
				CLANG_WARN_BLOCK_CAPTURE_AUTORELEASING = YES;
				CLANG_WARN_BOOL_CONVERSION = YES;
				CLANG_WARN_COMMA = YES;
				CLANG_WARN_CONSTANT_CONVERSION = YES;
				CLANG_WARN_DIRECT_OBJC_ISA_USAGE = YES_ERROR;
				CLANG_WARN_DOCUMENTATION_COMMENTS = YES;
				CLANG_WARN_EMPTY_BODY = YES;
				CLANG_WARN_ENUM_CONVERSION = YES;
				CLANG_WARN_INFINITE_RECURSION = YES;
				CLANG_WARN_INT_CONVERSION = YES;
				CLANG_WARN_NON_LITERAL_NULL_CONVERSION = YES;
				CLANG_WARN_OBJC_LITERAL_CONVERSION = YES;
				CLANG_WARN_OBJC_ROOT_CLASS = YES_ERROR;
				CLANG_WARN_RANGE_LOOP_ANALYSIS = YES;
				CLANG_WARN_STRICT_PROTOTYPES = YES;
				CLANG_WARN_SUSPICIOUS_MOVE = YES;
				CLANG_WARN_UNGUARDED_AVAILABILITY = YES_AGGRESSIVE;
				CLANG_WARN_UNREACHABLE_CODE = YES;
				CLANG_WARN__DUPLICATE_METHOD_MATCH = YES;
				CODE_SIGN_IDENTITY = "-";
				COPY_PHASE_STRIP = NO;
				DEBUG_INFORMATION_FORMAT = dwarf;
				ENABLE_STRICT_OBJC_MSGSEND = YES;
				ENABLE_TESTABILITY = YES;
				GCC_C_LANGUAGE_STANDARD = gnu11;
				GCC_DYNAMIC_NO_PIC = NO;
				GCC_NO_COMMON_BLOCKS = YES;
				GCC_OPTIMIZATION_LEVEL = 0;
				GCC_PREPROCESSOR_DEFINITIONS = (
					"DEBUG=1",
					"$(inherited)",
				);
				GCC_WARN_64_TO_32_BIT_CONVERSION = YES;
				GCC_WARN_ABOUT_RETURN_TYPE = YES_ERROR;
				GCC_WARN_UNDECLARED_SELECTOR = YES;
				GCC_WARN_UNINITIALIZED_AUTOS = YES_AGGRESSIVE;
				GCC_WARN_UNUSED_FUNCTION = YES;
				GCC_WARN_UNUSED_VARIABLE = YES;
				MACOSX_DEPLOYMENT_TARGET = 10.12;
				MTL_ENABLE_DEBUG_INFO = YES;
				ONLY_ACTIVE_ARCH = YES;
				SDKROOT = macosx;
			};
			name = Debug;
		};
		79AF2EC2205AFE6B0044E330 /* Release */ = {
			isa = XCBuildConfiguration;
			buildSettings = {
				ALWAYS_SEARCH_USER_PATHS = NO;
				CLANG_ANALYZER_NONNULL = YES;
				CLANG_ANALYZER_NUMBER_OBJECT_CONVERSION = YES_AGGRESSIVE;
				CLANG_CXX_LANGUAGE_STANDARD = "gnu++14";
				CLANG_CXX_LIBRARY = "libc++";
				CLANG_ENABLE_MODULES = YES;
				CLANG_ENABLE_OBJC_ARC = YES;
				CLANG_WARN_BLOCK_CAPTURE_AUTORELEASING = YES;
				CLANG_WARN_BOOL_CONVERSION = YES;
				CLANG_WARN_COMMA = YES;
				CLANG_WARN_CONSTANT_CONVERSION = YES;
				CLANG_WARN_DIRECT_OBJC_ISA_USAGE = YES_ERROR;
				CLANG_WARN_DOCUMENTATION_COMMENTS = YES;
				CLANG_WARN_EMPTY_BODY = YES;
				CLANG_WARN_ENUM_CONVERSION = YES;
				CLANG_WARN_INFINITE_RECURSION = YES;
				CLANG_WARN_INT_CONVERSION = YES;
				CLANG_WARN_NON_LITERAL_NULL_CONVERSION = YES;
				CLANG_WARN_OBJC_LITERAL_CONVERSION = YES;
				CLANG_WARN_OBJC_ROOT_CLASS = YES_ERROR;
				CLANG_WARN_RANGE_LOOP_ANALYSIS = YES;
				CLANG_WARN_STRICT_PROTOTYPES = YES;
				CLANG_WARN_SUSPICIOUS_MOVE = YES;
				CLANG_WARN_UNGUARDED_AVAILABILITY = YES_AGGRESSIVE;
				CLANG_WARN_UNREACHABLE_CODE = YES;
				CLANG_WARN__DUPLICATE_METHOD_MATCH = YES;
				CODE_SIGN_IDENTITY = "-";
				COPY_PHASE_STRIP = NO;
				DEBUG_INFORMATION_FORMAT = "dwarf-with-dsym";
				ENABLE_NS_ASSERTIONS = NO;
				ENABLE_STRICT_OBJC_MSGSEND = YES;
				GCC_C_LANGUAGE_STANDARD = gnu11;
				GCC_NO_COMMON_BLOCKS = YES;
				GCC_WARN_64_TO_32_BIT_CONVERSION = YES;
				GCC_WARN_ABOUT_RETURN_TYPE = YES_ERROR;
				GCC_WARN_UNDECLARED_SELECTOR = YES;
				GCC_WARN_UNINITIALIZED_AUTOS = YES_AGGRESSIVE;
				GCC_WARN_UNUSED_FUNCTION = YES;
				GCC_WARN_UNUSED_VARIABLE = YES;
				MACOSX_DEPLOYMENT_TARGET = 10.12;
				MTL_ENABLE_DEBUG_INFO = NO;
				SDKROOT = macosx;
			};
			name = Release;
		};
		79AF2EC4205AFE6B0044E330 /* Debug */ = {
			isa = XCBuildConfiguration;
			buildSettings = {
				CODE_SIGN_STYLE = Automatic;
				PRODUCT_NAME = "$(TARGET_NAME)";
			};
			name = Debug;
		};
		79AF2EC5205AFE6B0044E330 /* Release */ = {
			isa = XCBuildConfiguration;
			buildSettings = {
				CODE_SIGN_STYLE = Automatic;
				PRODUCT_NAME = "$(TARGET_NAME)";
			};
			name = Release;
		};
/* End XCBuildConfiguration section */

/* Begin XCConfigurationList section */
		79AF2EB7205AFE6B0044E330 /* Build configuration list for PBXProject "act herencia" */ = {
			isa = XCConfigurationList;
			buildConfigurations = (
				79AF2EC1205AFE6B0044E330 /* Debug */,
				79AF2EC2205AFE6B0044E330 /* Release */,
			);
			defaultConfigurationIsVisible = 0;
			defaultConfigurationName = Release;
		};
		79AF2EC3205AFE6B0044E330 /* Build configuration list for PBXNativeTarget "act herencia" */ = {
			isa = XCConfigurationList;
			buildConfigurations = (
				79AF2EC4205AFE6B0044E330 /* Debug */,
				79AF2EC5205AFE6B0044E330 /* Release */,
			);
			defaultConfigurationIsVisible = 0;
			defaultConfigurationName = Release;
		};
/* End XCConfigurationList section */
	};
	rootObject = 79AF2EB4205AFE6B0044E330 /* Project object */;
}
